
Microsoft Visual Studio Solution File, Format Version 12.00
# Visual Studio Version 16
VisualStudioVersion = 16.0.30611.23
MinimumVisualStudioVersion = 10.0.40219.1
Project("{FAE04EC0-301F-11D3-BF4B-00C04F79EFBC}") = "PhotoAnalyzerFunction", "PhotoAnalyzerFunction\PhotoAnalyzerFunction.csproj", "{F05734CA-A8A1-42D5-AD3F-01C068DE588F}"
EndProject
Project("{FAE04EC0-301F-11D3-BF4B-00C04F79EFBC}") = "Test", "Test\Test.csproj", "{9A38236C-1436-4397-9083-4E85F029FD87}"
EndProject
Global
	GlobalSection(SolutionConfigurationPlatforms) = preSolution
		Debug|Any CPU = Debug|Any CPU
		Release|Any CPU = Release|Any CPU
	EndGlobalSection
	GlobalSection(ProjectConfigurationPlatforms) = postSolution
		{F05734CA-A8A1-42D5-AD3F-01C068DE588F}.Debug|Any CPU.ActiveCfg = Debug|Any CPU
		{F05734CA-A8A1-42D5-AD3F-01C068DE588F}.Debug|Any CPU.Build.0 = Debug|Any CPU
		{F05734CA-A8A1-42D5-AD3F-01C068DE588F}.Release|Any CPU.ActiveCfg = Release|Any CPU
		{F05734CA-A8A1-42D5-AD3F-01C068DE588F}.Release|Any CPU.Build.0 = Release|Any CPU
		{9A38236C-1436-4397-9083-4E85F029FD87}.Debug|Any CPU.ActiveCfg = Debug|Any CPU
		{9A38236C-1436-4397-9083-4E85F029FD87}.Debug|Any CPU.Build.0 = Debug|Any CPU
		{9A38236C-1436-4397-9083-4E85F029FD87}.Release|Any CPU.ActiveCfg = Release|Any CPU
		{9A38236C-1436-4397-9083-4E85F029FD87}.Release|Any CPU.Build.0 = Release|Any CPU
	EndGlobalSection
	GlobalSection(SolutionProperties) = preSolution
		HideSolutionNode = FALSE
	EndGlobalSection
	GlobalSection(ExtensibilityGlobals) = postSolution
		SolutionGuid = {52636C8B-2174-4C4D-AF06-DC5009C79FAB}
	EndGlobalSection
EndGlobal
